
Microsoft Visual Studio Solution File, Format Version 12.00
# Visual Studio Version 17
VisualStudioVersion = 17.13.35931.197 d17.13
MinimumVisualStudioVersion = 10.0.40219.1
Project("{FAE04EC0-301F-11D3-BF4B-00C04F79EFBC}") = "FitMe", "FitMe\FitMe.csproj", "{3790856F-EF26-4CB0-ADAD-B02FF84B7C99}"
EndProject
Global
	GlobalSection(SolutionConfigurationPlatforms) = preSolution
		Debug|Any CPU = Debug|Any CPU
		Release|Any CPU = Release|Any CPU
	EndGlobalSection
	GlobalSection(ProjectConfigurationPlatforms) = postSolution
		{3790856F-EF26-4CB0-ADAD-B02FF84B7C99}.Debug|Any CPU.ActiveCfg = Debug|Any CPU
		{3790856F-EF26-4CB0-ADAD-B02FF84B7C99}.Debug|Any CPU.Build.0 = Debug|Any CPU
		{3790856F-EF26-4CB0-ADAD-B02FF84B7C99}.Release|Any CPU.ActiveCfg = Release|Any CPU
		{3790856F-EF26-4CB0-ADAD-B02FF84B7C99}.Release|Any CPU.Build.0 = Release|Any CPU
	EndGlobalSection
	GlobalSection(SolutionProperties) = preSolution
		HideSolutionNode = FALSE
	EndGlobalSection
	GlobalSection(ExtensibilityGlobals) = postSolution
		SolutionGuid = {DB86D9BE-0DC3-4351-86F6-A0BB863264CD}
	EndGlobalSection
EndGlobal
